{
  "name": "work-with-json-files",
  "version": "1.0.0",
  "lockfileVersion": 2,
  "requires": true,
  "packages": {
    "": {
      "name": "work-with-json-files",
      "version": "1.0.0",
      "license": "ISC",
      "dependencies": {
        "bson-objectid": "^2.0.4",
        "commander": "^9.4.1"
      }
    },
    "node_modules/bson-objectid": {
      "version": "2.0.4",
      "resolved": "https://registry.npmjs.org/bson-objectid/-/bson-objectid-2.0.4.tgz",
      "integrity": "sha512-vgnKAUzcDoa+AeyYwXCoHyF2q6u/8H46dxu5JN+4/TZeq/Dlinn0K6GvxsCLb3LHUJl0m/TLiEK31kUwtgocMQ=="
    },
    "node_modules/commander": {
      "version": "9.4.1",
      "resolved": "https://registry.npmjs.org/commander/-/commander-9.4.1.tgz",
      "integrity": "sha512-5EEkTNyHNGFPD2H+c/dXXfQZYa/scCKasxWcXJaWnNJ99pnQN9Vnmqow+p+PlFPE63Q6mThaZws1T+HxfpgtPw==",
      "engines": {
        "node": "^12.20.0 || >=14"
      }
    }
  },
  "dependencies": {
    "bson-objectid": {
      "version": "2.0.4",
      "resolved": "https://registry.npmjs.org/bson-objectid/-/bson-objectid-2.0.4.tgz",
      "integrity": "sha512-vgnKAUzcDoa+AeyYwXCoHyF2q6u/8H46dxu5JN+4/TZeq/Dlinn0K6GvxsCLb3LHUJl0m/TLiEK31kUwtgocMQ=="
    },
    "commander": {
      "version": "9.4.1",
      "resolved": "https://registry.npmjs.org/commander/-/commander-9.4.1.tgz",
      "integrity": "sha512-5EEkTNyHNGFPD2H+c/dXXfQZYa/scCKasxWcXJaWnNJ99pnQN9Vnmqow+p+PlFPE63Q6mThaZws1T+HxfpgtPw=="
    }
  }
}
